
Microsoft Visual Studio Solution File, Format Version 12.00
# Visual Studio Version 16
VisualStudioVersion = 16.0.30907.101
MinimumVisualStudioVersion = 10.0.40219.1
Project("{9A19103F-16F7-4668-BE54-9A1E7A4F7556}") = "CursoMVC", "CursoMVC\CursoMVC.csproj", "{228C26EB-F17F-4F7E-932D-00DA5FAFD9E3}"
EndProject
Project("{FAE04EC0-301F-11D3-BF4B-00C04F79EFBC}") = "CursoAPI", "CursoAPI\CursoAPI.csproj", "{38F15453-2D62-4DE7-8210-5DB8703EAE06}"
EndProject
Project("{FAE04EC0-301F-11D3-BF4B-00C04F79EFBC}") = "CursoTest", "CursoTest\CursoTest.csproj", "{07DB828E-8421-4299-85EE-33693C7C7463}"
EndProject
Global
	GlobalSection(SolutionConfigurationPlatforms) = preSolution
		Debug|Any CPU = Debug|Any CPU
		Release|Any CPU = Release|Any CPU
	EndGlobalSection
	GlobalSection(ProjectConfigurationPlatforms) = postSolution
		{228C26EB-F17F-4F7E-932D-00DA5FAFD9E3}.Debug|Any CPU.ActiveCfg = Debug|Any CPU
		{228C26EB-F17F-4F7E-932D-00DA5FAFD9E3}.Debug|Any CPU.Build.0 = Debug|Any CPU
		{228C26EB-F17F-4F7E-932D-00DA5FAFD9E3}.Release|Any CPU.ActiveCfg = Release|Any CPU
		{228C26EB-F17F-4F7E-932D-00DA5FAFD9E3}.Release|Any CPU.Build.0 = Release|Any CPU
		{38F15453-2D62-4DE7-8210-5DB8703EAE06}.Debug|Any CPU.ActiveCfg = Debug|Any CPU
		{38F15453-2D62-4DE7-8210-5DB8703EAE06}.Debug|Any CPU.Build.0 = Debug|Any CPU
		{38F15453-2D62-4DE7-8210-5DB8703EAE06}.Release|Any CPU.ActiveCfg = Release|Any CPU
		{38F15453-2D62-4DE7-8210-5DB8703EAE06}.Release|Any CPU.Build.0 = Release|Any CPU
		{07DB828E-8421-4299-85EE-33693C7C7463}.Debug|Any CPU.ActiveCfg = Debug|Any CPU
		{07DB828E-8421-4299-85EE-33693C7C7463}.Debug|Any CPU.Build.0 = Debug|Any CPU
		{07DB828E-8421-4299-85EE-33693C7C7463}.Release|Any CPU.ActiveCfg = Release|Any CPU
		{07DB828E-8421-4299-85EE-33693C7C7463}.Release|Any CPU.Build.0 = Release|Any CPU
	EndGlobalSection
	GlobalSection(SolutionProperties) = preSolution
		HideSolutionNode = FALSE
	EndGlobalSection
	GlobalSection(ExtensibilityGlobals) = postSolution
		SolutionGuid = {7EA4EEEA-F889-4043-A428-D4B05DB9464E}
	EndGlobalSection
EndGlobal
